
Microsoft Visual Studio Solution File, Format Version 12.00
# Visual Studio Version 16
VisualStudioVersion = 16.0.29102.190
MinimumVisualStudioVersion = 10.0.40219.1
Project("{FAE04EC0-301F-11D3-BF4B-00C04F79EFBC}") = "Capstone2-TaskList", "Capstone2-TaskList\Capstone2-TaskList.csproj", "{F2AC8BE3-3266-4109-BBCF-E9C95F4A3516}"
EndProject
Global
	GlobalSection(SolutionConfigurationPlatforms) = preSolution
		Debug|Any CPU = Debug|Any CPU
		Release|Any CPU = Release|Any CPU
	EndGlobalSection
	GlobalSection(ProjectConfigurationPlatforms) = postSolution
		{F2AC8BE3-3266-4109-BBCF-E9C95F4A3516}.Debug|Any CPU.ActiveCfg = Debug|Any CPU
		{F2AC8BE3-3266-4109-BBCF-E9C95F4A3516}.Debug|Any CPU.Build.0 = Debug|Any CPU
		{F2AC8BE3-3266-4109-BBCF-E9C95F4A3516}.Release|Any CPU.ActiveCfg = Release|Any CPU
		{F2AC8BE3-3266-4109-BBCF-E9C95F4A3516}.Release|Any CPU.Build.0 = Release|Any CPU
	EndGlobalSection
	GlobalSection(SolutionProperties) = preSolution
		HideSolutionNode = FALSE
	EndGlobalSection
	GlobalSection(ExtensibilityGlobals) = postSolution
		SolutionGuid = {6AFE39F3-2F84-4DAB-B240-BEF33BCC8095}
	EndGlobalSection
EndGlobal
